// !$*UTF8*$!
{
	archiveVersion = 1;
	classes = {
	};
	objectVersion = 46;
	objects = {

/* Begin PBXBuildFile section */
		F268A4EB1B4EE6C8003C6403 /* SWMedia.m in Sources */ = {isa = PBXBuildFile; fileRef = F268A4D81B4EE6C8003C6403 /* SWMedia.m */; };
		F268A4EC1B4EE6C8003C6403 /* SWOfflineRequestManger.m in Sources */ = {isa = PBXBuildFile; fileRef = F268A4DB1B4EE6C8003C6403 /* SWOfflineRequestManger.m */; };
		F268A4ED1B4EE6C8003C6403 /* SWReachability.m in Sources */ = {isa = PBXBuildFile; fileRef = F268A4DE1B4EE6C8003C6403 /* SWReachability.m */; };
		F268A4EE1B4EE6C8003C6403 /* SWResponseDataType.m in Sources */ = {isa = PBXBuildFile; fileRef = F268A4E11B4EE6C8003C6403 /* SWResponseDataType.m */; };
		F268A4EF1B4EE6C8003C6403 /* SWOperationManger.m in Sources */ = {isa = PBXBuildFile; fileRef = F268A4E51B4EE6C8003C6403 /* SWOperationManger.m */; };
		F268A4F01B4EE6C8003C6403 /* SWRequestOperation.m in Sources */ = {isa = PBXBuildFile; fileRef = F268A4E71B4EE6C8003C6403 /* SWRequestOperation.m */; };
		F268A4F11B4EE6C8003C6403 /* UIImageView+SWNetworking.m in Sources */ = {isa = PBXBuildFile; fileRef = F268A4EA1B4EE6C8003C6403 /* UIImageView+SWNetworking.m */; };
		F2A438681B4A3AC3004B7735 /* main.m in Sources */ = {isa = PBXBuildFile; fileRef = F2A438671B4A3AC3004B7735 /* main.m */; };
		F2A4386B1B4A3AC3004B7735 /* AppDelegate.m in Sources */ = {isa = PBXBuildFile; fileRef = F2A4386A1B4A3AC3004B7735 /* AppDelegate.m */; };
		F2A4386E1B4A3AC3004B7735 /* MasterViewController.m in Sources */ = {isa = PBXBuildFile; fileRef = F2A4386D1B4A3AC3004B7735 /* MasterViewController.m */; };
		F2A438711B4A3AC3004B7735 /* DetailViewController.m in Sources */ = {isa = PBXBuildFile; fileRef = F2A438701B4A3AC3004B7735 /* DetailViewController.m */; };
		F2A438741B4A3AC3004B7735 /* Main.storyboard in Resources */ = {isa = PBXBuildFile; fileRef = F2A438721B4A3AC3004B7735 /* Main.storyboard */; };
		F2A438761B4A3AC3004B7735 /* Images.xcassets in Resources */ = {isa = PBXBuildFile; fileRef = F2A438751B4A3AC3004B7735 /* Images.xcassets */; };
		F2A438791B4A3AC3004B7735 /* LaunchScreen.xib in Resources */ = {isa = PBXBuildFile; fileRef = F2A438771B4A3AC3004B7735 /* LaunchScreen.xib */; };
		F2A438851B4A3AC3004B7735 /* ExampleTests.m in Sources */ = {isa = PBXBuildFile; fileRef = F2A438841B4A3AC3004B7735 /* ExampleTests.m */; };
		F2A438C01B4A4AA3004B7735 /* skywite.png in Resources */ = {isa = PBXBuildFile; fileRef = F2A438BF1B4A4AA3004B7735 /* skywite.png */; };
		F2A438C21B4A4DA8004B7735 /* sw_loadingView.xib in Resources */ = {isa = PBXBuildFile; fileRef = F2A438C11B4A4DA8004B7735 /* sw_loadingView.xib */; };
/* End PBXBuildFile section */

/* Begin PBXContainerItemProxy section */
		F2A4387F1B4A3AC3004B7735 /* PBXContainerItemProxy */ = {
			isa = PBXContainerItemProxy;
			containerPortal = F2A4385A1B4A3AC3004B7735 /* Project object */;
			proxyType = 1;
			remoteGlobalIDString = F2A438611B4A3AC3004B7735;
			remoteInfo = Example;
		};
/* End PBXContainerItemProxy section */

/* Begin PBXFileReference section */
		F268A4D71B4EE6C8003C6403 /* SWMedia.h */ = {isa = PBXFileReference; fileEncoding = 4; lastKnownFileType = sourcecode.c.h; path = SWMedia.h; sourceTree = "<group>"; };
		F268A4D81B4EE6C8003C6403 /* SWMedia.m */ = {isa = PBXFileReference; fileEncoding = 4; lastKnownFileType = sourcecode.c.objc; path = SWMedia.m; sourceTree = "<group>"; };
		F268A4DA1B4EE6C8003C6403 /* SWOfflineRequestManger.h */ = {isa = PBXFileReference; fileEncoding = 4; lastKnownFileType = sourcecode.c.h; path = SWOfflineRequestManger.h; sourceTree = "<group>"; };
		F268A4DB1B4EE6C8003C6403 /* SWOfflineRequestManger.m */ = {isa = PBXFileReference; fileEncoding = 4; lastKnownFileType = sourcecode.c.objc; path = SWOfflineRequestManger.m; sourceTree = "<group>"; };
		F268A4DD1B4EE6C8003C6403 /* SWReachability.h */ = {isa = PBXFileReference; fileEncoding = 4; lastKnownFileType = sourcecode.c.h; path = SWReachability.h; sourceTree = "<group>"; };
		F268A4DE1B4EE6C8003C6403 /* SWReachability.m */ = {isa = PBXFileReference; fileEncoding = 4; lastKnownFileType = sourcecode.c.objc; path = SWReachability.m; sourceTree = "<group>"; };
		F268A4E01B4EE6C8003C6403 /* SWResponseDataType.h */ = {isa = PBXFileReference; fileEncoding = 4; lastKnownFileType = sourcecode.c.h; path = SWResponseDataType.h; sourceTree = "<group>"; };
		F268A4E11B4EE6C8003C6403 /* SWResponseDataType.m */ = {isa = PBXFileReference; fileEncoding = 4; lastKnownFileType = sourcecode.c.objc; path = SWResponseDataType.m; sourceTree = "<group>"; };
		F268A4E21B4EE6C8003C6403 /* SWNetworking.h */ = {isa = PBXFileReference; fileEncoding = 4; lastKnownFileType = sourcecode.c.h; path = SWNetworking.h; sourceTree = "<group>"; };
		F268A4E41B4EE6C8003C6403 /* SWOperationManger.h */ = {isa = PBXFileReference; fileEncoding = 4; lastKnownFileType = sourcecode.c.h; path = SWOperationManger.h; sourceTree = "<group>"; };
		F268A4E51B4EE6C8003C6403 /* SWOperationManger.m */ = {isa = PBXFileReference; fileEncoding = 4; lastKnownFileType = sourcecode.c.objc; path = SWOperationManger.m; sourceTree = "<group>"; };
		F268A4E61B4EE6C8003C6403 /* SWRequestOperation.h */ = {isa = PBXFileReference; fileEncoding = 4; lastKnownFileType = sourcecode.c.h; path = SWRequestOperation.h; sourceTree = "<group>"; };
		F268A4E71B4EE6C8003C6403 /* SWRequestOperation.m */ = {isa = PBXFileReference; fileEncoding = 4; lastKnownFileType = sourcecode.c.objc; path = SWRequestOperation.m; sourceTree = "<group>"; };
		F268A4E91B4EE6C8003C6403 /* UIImageView+SWNetworking.h */ = {isa = PBXFileReference; fileEncoding = 4; lastKnownFileType = sourcecode.c.h; path = "UIImageView+SWNetworking.h"; sourceTree = "<group>"; };
		F268A4EA1B4EE6C8003C6403 /* UIImageView+SWNetworking.m */ = {isa = PBXFileReference; fileEncoding = 4; lastKnownFileType = sourcecode.c.objc; path = "UIImageView+SWNetworking.m"; sourceTree = "<group>"; };
		F2A438621B4A3AC3004B7735 /* Example.app */ = {isa = PBXFileReference; explicitFileType = wrapper.application; includeInIndex = 0; path = Example.app; sourceTree = BUILT_PRODUCTS_DIR; };
		F2A438661B4A3AC3004B7735 /* Info.plist */ = {isa = PBXFileReference; lastKnownFileType = text.plist.xml; path = Info.plist; sourceTree = "<group>"; };
		F2A438671B4A3AC3004B7735 /* main.m */ = {isa = PBXFileReference; lastKnownFileType = sourcecode.c.objc; path = main.m; sourceTree = "<group>"; };
		F2A438691B4A3AC3004B7735 /* AppDelegate.h */ = {isa = PBXFileReference; lastKnownFileType = sourcecode.c.h; path = AppDelegate.h; sourceTree = "<group>"; };
		F2A4386A1B4A3AC3004B7735 /* AppDelegate.m */ = {isa = PBXFileReference; lastKnownFileType = sourcecode.c.objc; path = AppDelegate.m; sourceTree = "<group>"; };
		F2A4386C1B4A3AC3004B7735 /* MasterViewController.h */ = {isa = PBXFileReference; lastKnownFileType = sourcecode.c.h; path = MasterViewController.h; sourceTree = "<group>"; };
		F2A4386D1B4A3AC3004B7735 /* MasterViewController.m */ = {isa = PBXFileReference; lastKnownFileType = sourcecode.c.objc; path = MasterViewController.m; sourceTree = "<group>"; };
		F2A4386F1B4A3AC3004B7735 /* DetailViewController.h */ = {isa = PBXFileReference; lastKnownFileType = sourcecode.c.h; path = DetailViewController.h; sourceTree = "<group>"; };
		F2A438701B4A3AC3004B7735 /* DetailViewController.m */ = {isa = PBXFileReference; lastKnownFileType = sourcecode.c.objc; path = DetailViewController.m; sourceTree = "<group>"; };
		F2A438731B4A3AC3004B7735 /* Base */ = {isa = PBXFileReference; lastKnownFileType = file.storyboard; name = Base; path = Base.lproj/Main.storyboard; sourceTree = "<group>"; };
		F2A438751B4A3AC3004B7735 /* Images.xcassets */ = {isa = PBXFileReference; lastKnownFileType = folder.assetcatalog; path = Images.xcassets; sourceTree = "<group>"; };
		F2A438781B4A3AC3004B7735 /* Base */ = {isa = PBXFileReference; lastKnownFileType = file.xib; name = Base; path = Base.lproj/LaunchScreen.xib; sourceTree = "<group>"; };
		F2A4387E1B4A3AC3004B7735 /* ExampleTests.xctest */ = {isa = PBXFileReference; explicitFileType = wrapper.cfbundle; includeInIndex = 0; path = ExampleTests.xctest; sourceTree = BUILT_PRODUCTS_DIR; };
		F2A438831B4A3AC3004B7735 /* Info.plist */ = {isa = PBXFileReference; lastKnownFileType = text.plist.xml; path = Info.plist; sourceTree = "<group>"; };
		F2A438841B4A3AC3004B7735 /* ExampleTests.m */ = {isa = PBXFileReference; lastKnownFileType = sourcecode.c.objc; path = ExampleTests.m; sourceTree = "<group>"; };
		F2A438BF1B4A4AA3004B7735 /* skywite.png */ = {isa = PBXFileReference; lastKnownFileType = image.png; path = skywite.png; sourceTree = "<group>"; };
		F2A438C11B4A4DA8004B7735 /* sw_loadingView.xib */ = {isa = PBXFileReference; fileEncoding = 4; lastKnownFileType = file.xib; path = sw_loadingView.xib; sourceTree = "<group>"; };
/* End PBXFileReference section */

/* Begin PBXFrameworksBuildPhase section */
		F2A4385F1B4A3AC3004B7735 /* Frameworks */ = {
			isa = PBXFrameworksBuildPhase;
			buildActionMask = 2147483647;
			files = (
			);
			runOnlyForDeploymentPostprocessing = 0;
		};
		F2A4387B1B4A3AC3004B7735 /* Frameworks */ = {
			isa = PBXFrameworksBuildPhase;
			buildActionMask = 2147483647;
			files = (
			);
			runOnlyForDeploymentPostprocessing = 0;
		};
/* End PBXFrameworksBuildPhase section */

/* Begin PBXGroup section */
		F268A4D51B4EE6C8003C6403 /* SWNetworking */ = {
			isa = PBXGroup;
			children = (
				F268A4D61B4EE6C8003C6403 /* model */,
				F268A4D91B4EE6C8003C6403 /* OfflineRequest */,
				F268A4DC1B4EE6C8003C6403 /* Reachability */,
				F268A4DF1B4EE6C8003C6403 /* ResponseType */,
				F268A4E21B4EE6C8003C6403 /* SWNetworking.h */,
				F268A4E31B4EE6C8003C6403 /* SWRequest */,
				F268A4E81B4EE6C8003C6403 /* UIKit+SWNetworking */,
			);
			name = SWNetworking;
			path = ../SWNetworking;
			sourceTree = "<group>";
		};
		F268A4D61B4EE6C8003C6403 /* model */ = {
			isa = PBXGroup;
			children = (
				F268A4D71B4EE6C8003C6403 /* SWMedia.h */,
				F268A4D81B4EE6C8003C6403 /* SWMedia.m */,
			);
			path = model;
			sourceTree = "<group>";
		};
		F268A4D91B4EE6C8003C6403 /* OfflineRequest */ = {
			isa = PBXGroup;
			children = (
				F268A4DA1B4EE6C8003C6403 /* SWOfflineRequestManger.h */,
				F268A4DB1B4EE6C8003C6403 /* SWOfflineRequestManger.m */,
			);
			path = OfflineRequest;
			sourceTree = "<group>";
		};
		F268A4DC1B4EE6C8003C6403 /* Reachability */ = {
			isa = PBXGroup;
			children = (
				F268A4DD1B4EE6C8003C6403 /* SWReachability.h */,
				F268A4DE1B4EE6C8003C6403 /* SWReachability.m */,
			);
			path = Reachability;
			sourceTree = "<group>";
		};
		F268A4DF1B4EE6C8003C6403 /* ResponseType */ = {
			isa = PBXGroup;
			children = (
				F268A4E01B4EE6C8003C6403 /* SWResponseDataType.h */,
				F268A4E11B4EE6C8003C6403 /* SWResponseDataType.m */,
			);
			path = ResponseType;
			sourceTree = "<group>";
		};
		F268A4E31B4EE6C8003C6403 /* SWRequest */ = {
			isa = PBXGroup;
			children = (
				F268A4E41B4EE6C8003C6403 /* SWOperationManger.h */,
				F268A4E51B4EE6C8003C6403 /* SWOperationManger.m */,
				F268A4E61B4EE6C8003C6403 /* SWRequestOperation.h */,
				F268A4E71B4EE6C8003C6403 /* SWRequestOperation.m */,
			);
			path = SWRequest;
			sourceTree = "<group>";
		};
		F268A4E81B4EE6C8003C6403 /* UIKit+SWNetworking */ = {
			isa = PBXGroup;
			children = (
				F268A4E91B4EE6C8003C6403 /* UIImageView+SWNetworking.h */,
				F268A4EA1B4EE6C8003C6403 /* UIImageView+SWNetworking.m */,
			);
			path = "UIKit+SWNetworking";
			sourceTree = "<group>";
		};
		F2A438591B4A3AC3004B7735 = {
			isa = PBXGroup;
			children = (
				F268A4D51B4EE6C8003C6403 /* SWNetworking */,
				F2A438BF1B4A4AA3004B7735 /* skywite.png */,
				F2A438641B4A3AC3004B7735 /* Example */,
				F2A438811B4A3AC3004B7735 /* ExampleTests */,
				F2A438631B4A3AC3004B7735 /* Products */,
			);
			sourceTree = "<group>";
		};
		F2A438631B4A3AC3004B7735 /* Products */ = {
			isa = PBXGroup;
			children = (
				F2A438621B4A3AC3004B7735 /* Example.app */,
				F2A4387E1B4A3AC3004B7735 /* ExampleTests.xctest */,
			);
			name = Products;
			sourceTree = "<group>";
		};
		F2A438641B4A3AC3004B7735 /* Example */ = {
			isa = PBXGroup;
			children = (
				F2A438691B4A3AC3004B7735 /* AppDelegate.h */,
				F2A4386A1B4A3AC3004B7735 /* AppDelegate.m */,
				F2A4386C1B4A3AC3004B7735 /* MasterViewController.h */,
				F2A4386D1B4A3AC3004B7735 /* MasterViewController.m */,
				F2A4386F1B4A3AC3004B7735 /* DetailViewController.h */,
				F2A438701B4A3AC3004B7735 /* DetailViewController.m */,
				F2A438721B4A3AC3004B7735 /* Main.storyboard */,
				F2A438751B4A3AC3004B7735 /* Images.xcassets */,
				F2A438771B4A3AC3004B7735 /* LaunchScreen.xib */,
				F2A438651B4A3AC3004B7735 /* Supporting Files */,
				F2A438C11B4A4DA8004B7735 /* sw_loadingView.xib */,
			);
			path = Example;
			sourceTree = "<group>";
		};
		F2A438651B4A3AC3004B7735 /* Supporting Files */ = {
			isa = PBXGroup;
			children = (
				F2A438661B4A3AC3004B7735 /* Info.plist */,
				F2A438671B4A3AC3004B7735 /* main.m */,
			);
			name = "Supporting Files";
			sourceTree = "<group>";
		};
		F2A438811B4A3AC3004B7735 /* ExampleTests */ = {
			isa = PBXGroup;
			children = (
				F2A438841B4A3AC3004B7735 /* ExampleTests.m */,
				F2A438821B4A3AC3004B7735 /* Supporting Files */,
			);
			path = ExampleTests;
			sourceTree = "<group>";
		};
		F2A438821B4A3AC3004B7735 /* Supporting Files */ = {
			isa = PBXGroup;
			children = (
				F2A438831B4A3AC3004B7735 /* Info.plist */,
			);
			name = "Supporting Files";
			sourceTree = "<group>";
		};
/* End PBXGroup section */

/* Begin PBXNativeTarget section */
		F2A438611B4A3AC3004B7735 /* Example */ = {
			isa = PBXNativeTarget;
			buildConfigurationList = F2A438881B4A3AC3004B7735 /* Build configuration list for PBXNativeTarget "Example" */;
			buildPhases = (
				F2A4385E1B4A3AC3004B7735 /* Sources */,
				F2A4385F1B4A3AC3004B7735 /* Frameworks */,
				F2A438601B4A3AC3004B7735 /* Resources */,
			);
			buildRules = (
			);
			dependencies = (
			);
			name = Example;
			productName = Example;
			productReference = F2A438621B4A3AC3004B7735 /* Example.app */;
			productType = "com.apple.product-type.application";
		};
		F2A4387D1B4A3AC3004B7735 /* ExampleTests */ = {
			isa = PBXNativeTarget;
			buildConfigurationList = F2A4388B1B4A3AC3004B7735 /* Build configuration list for PBXNativeTarget "ExampleTests" */;
			buildPhases = (
				F2A4387A1B4A3AC3004B7735 /* Sources */,
				F2A4387B1B4A3AC3004B7735 /* Frameworks */,
				F2A4387C1B4A3AC3004B7735 /* Resources */,
			);
			buildRules = (
			);
			dependencies = (
				F2A438801B4A3AC3004B7735 /* PBXTargetDependency */,
			);
			name = ExampleTests;
			productName = ExampleTests;
			productReference = F2A4387E1B4A3AC3004B7735 /* ExampleTests.xctest */;
			productType = "com.apple.product-type.bundle.unit-test";
		};
/* End PBXNativeTarget section */

/* Begin PBXProject section */
		F2A4385A1B4A3AC3004B7735 /* Project object */ = {
			isa = PBXProject;
			attributes = {
				LastUpgradeCheck = 0630;
				ORGANIZATIONNAME = "Saman Kumara";
				TargetAttributes = {
					F2A438611B4A3AC3004B7735 = {
						CreatedOnToolsVersion = 6.3.2;
					};
					F2A4387D1B4A3AC3004B7735 = {
						CreatedOnToolsVersion = 6.3.2;
						TestTargetID = F2A438611B4A3AC3004B7735;
					};
				};
			};
			buildConfigurationList = F2A4385D1B4A3AC3004B7735 /* Build configuration list for PBXProject "Example" */;
			compatibilityVersion = "Xcode 3.2";
			developmentRegion = English;
			hasScannedForEncodings = 0;
			knownRegions = (
				en,
				Base,
			);
			mainGroup = F2A438591B4A3AC3004B7735;
			productRefGroup = F2A438631B4A3AC3004B7735 /* Products */;
			projectDirPath = "";
			projectRoot = "";
			targets = (
				F2A438611B4A3AC3004B7735 /* Example */,
				F2A4387D1B4A3AC3004B7735 /* ExampleTests */,
			);
		};
/* End PBXProject section */

/* Begin PBXResourcesBuildPhase section */
		F2A438601B4A3AC3004B7735 /* Resources */ = {
			isa = PBXResourcesBuildPhase;
			buildActionMask = 2147483647;
			files = (
				F2A438C01B4A4AA3004B7735 /* skywite.png in Resources */,
				F2A438741B4A3AC3004B7735 /* Main.storyboard in Resources */,
				F2A438791B4A3AC3004B7735 /* LaunchScreen.xib in Resources */,
				F2A438761B4A3AC3004B7735 /* Images.xcassets in Resources */,
				F2A438C21B4A4DA8004B7735 /* sw_loadingView.xib in Resources */,
			);
			runOnlyForDeploymentPostprocessing = 0;
		};
		F2A4387C1B4A3AC3004B7735 /* Resources */ = {
			isa = PBXResourcesBuildPhase;
			buildActionMask = 2147483647;
			files = (
			);
			runOnlyForDeploymentPostprocessing = 0;
		};
/* End PBXResourcesBuildPhase section */

/* Begin PBXSourcesBuildPhase section */
		F2A4385E1B4A3AC3004B7735 /* Sources */ = {
			isa = PBXSourcesBuildPhase;
			buildActionMask = 2147483647;
			files = (
				F2A4386B1B4A3AC3004B7735 /* AppDelegate.m in Sources */,
				F268A4EC1B4EE6C8003C6403 /* SWOfflineRequestManger.m in Sources */,
				F2A4386E1B4A3AC3004B7735 /* MasterViewController.m in Sources */,
				F268A4F11B4EE6C8003C6403 /* UIImageView+SWNetworking.m in Sources */,
				F268A4EB1B4EE6C8003C6403 /* SWMedia.m in Sources */,
				F268A4EE1B4EE6C8003C6403 /* SWResponseDataType.m in Sources */,
				F268A4F01B4EE6C8003C6403 /* SWRequestOperation.m in Sources */,
				F268A4EF1B4EE6C8003C6403 /* SWOperationManger.m in Sources */,
				F2A438681B4A3AC3004B7735 /* main.m in Sources */,
				F268A4ED1B4EE6C8003C6403 /* SWReachability.m in Sources */,
				F2A438711B4A3AC3004B7735 /* DetailViewController.m in Sources */,
			);
			runOnlyForDeploymentPostprocessing = 0;
		};
		F2A4387A1B4A3AC3004B7735 /* Sources */ = {
			isa = PBXSourcesBuildPhase;
			buildActionMask = 2147483647;
			files = (
				F2A438851B4A3AC3004B7735 /* ExampleTests.m in Sources */,
			);
			runOnlyForDeploymentPostprocessing = 0;
		};
/* End PBXSourcesBuildPhase section */

/* Begin PBXTargetDependency section */
		F2A438801B4A3AC3004B7735 /* PBXTargetDependency */ = {
			isa = PBXTargetDependency;
			target = F2A438611B4A3AC3004B7735 /* Example */;
			targetProxy = F2A4387F1B4A3AC3004B7735 /* PBXContainerItemProxy */;
		};
/* End PBXTargetDependency section */

/* Begin PBXVariantGroup section */
		F2A438721B4A3AC3004B7735 /* Main.storyboard */ = {
			isa = PBXVariantGroup;
			children = (
				F2A438731B4A3AC3004B7735 /* Base */,
			);
			name = Main.storyboard;
			sourceTree = "<group>";
		};
		F2A438771B4A3AC3004B7735 /* LaunchScreen.xib */ = {
			isa = PBXVariantGroup;
			children = (
				F2A438781B4A3AC3004B7735 /* Base */,
			);
			name = LaunchScreen.xib;
			sourceTree = "<group>";
		};
/* End PBXVariantGroup section */

/* Begin XCBuildConfiguration section */
		F2A438861B4A3AC3004B7735 /* Debug */ = {
			isa = XCBuildConfiguration;
			buildSettings = {
				ALWAYS_SEARCH_USER_PATHS = NO;
				CLANG_CXX_LANGUAGE_STANDARD = "gnu++0x";
				CLANG_CXX_LIBRARY = "libc++";
				CLANG_ENABLE_MODULES = YES;
				CLANG_ENABLE_OBJC_ARC = YES;
				CLANG_WARN_BOOL_CONVERSION = YES;
				CLANG_WARN_CONSTANT_CONVERSION = YES;
				CLANG_WARN_DIRECT_OBJC_ISA_USAGE = YES_ERROR;
				CLANG_WARN_EMPTY_BODY = YES;
				CLANG_WARN_ENUM_CONVERSION = YES;
				CLANG_WARN_INT_CONVERSION = YES;
				CLANG_WARN_OBJC_ROOT_CLASS = YES_ERROR;
				CLANG_WARN_UNREACHABLE_CODE = YES;
				CLANG_WARN__DUPLICATE_METHOD_MATCH = YES;
				"CODE_SIGN_IDENTITY[sdk=iphoneos*]" = "iPhone Developer";
				COPY_PHASE_STRIP = NO;
				DEBUG_INFORMATION_FORMAT = "dwarf-with-dsym";
				ENABLE_STRICT_OBJC_MSGSEND = YES;
				GCC_C_LANGUAGE_STANDARD = gnu99;
				GCC_DYNAMIC_NO_PIC = NO;
				GCC_NO_COMMON_BLOCKS = YES;
				GCC_OPTIMIZATION_LEVEL = 0;
				GCC_PREPROCESSOR_DEFINITIONS = (
					"DEBUG=1",
					"$(inherited)",
				);
				GCC_SYMBOLS_PRIVATE_EXTERN = NO;
				GCC_WARN_64_TO_32_BIT_CONVERSION = YES;
				GCC_WARN_ABOUT_RETURN_TYPE = YES_ERROR;
				GCC_WARN_UNDECLARED_SELECTOR = YES;
				GCC_WARN_UNINITIALIZED_AUTOS = YES_AGGRESSIVE;
				GCC_WARN_UNUSED_FUNCTION = YES;
				GCC_WARN_UNUSED_VARIABLE = YES;
				IPHONEOS_DEPLOYMENT_TARGET = 8.3;
				MTL_ENABLE_DEBUG_INFO = YES;
				ONLY_ACTIVE_ARCH = YES;
				SDKROOT = iphoneos;
			};
			name = Debug;
		};
		F2A438871B4A3AC3004B7735 /* Release */ = {
			isa = XCBuildConfiguration;
			buildSettings = {
				ALWAYS_SEARCH_USER_PATHS = NO;
				CLANG_CXX_LANGUAGE_STANDARD = "gnu++0x";
				CLANG_CXX_LIBRARY = "libc++";
				CLANG_ENABLE_MODULES = YES;
				CLANG_ENABLE_OBJC_ARC = YES;
				CLANG_WARN_BOOL_CONVERSION = YES;
				CLANG_WARN_CONSTANT_CONVERSION = YES;
				CLANG_WARN_DIRECT_OBJC_ISA_USAGE = YES_ERROR;
				CLANG_WARN_EMPTY_BODY = YES;
				CLANG_WARN_ENUM_CONVERSION = YES;
				CLANG_WARN_INT_CONVERSION = YES;
				CLANG_WARN_OBJC_ROOT_CLASS = YES_ERROR;
				CLANG_WARN_UNREACHABLE_CODE = YES;
				CLANG_WARN__DUPLICATE_METHOD_MATCH = YES;
				"CODE_SIGN_IDENTITY[sdk=iphoneos*]" = "iPhone Developer";
				COPY_PHASE_STRIP = NO;
				DEBUG_INFORMATION_FORMAT = "dwarf-with-dsym";
				ENABLE_NS_ASSERTIONS = NO;
				ENABLE_STRICT_OBJC_MSGSEND = YES;
				GCC_C_LANGUAGE_STANDARD = gnu99;
				GCC_NO_COMMON_BLOCKS = YES;
				GCC_WARN_64_TO_32_BIT_CONVERSION = YES;
				GCC_WARN_ABOUT_RETURN_TYPE = YES_ERROR;
				GCC_WARN_UNDECLARED_SELECTOR = YES;
				GCC_WARN_UNINITIALIZED_AUTOS = YES_AGGRESSIVE;
				GCC_WARN_UNUSED_FUNCTION = YES;
				GCC_WARN_UNUSED_VARIABLE = YES;
				IPHONEOS_DEPLOYMENT_TARGET = 8.3;
				MTL_ENABLE_DEBUG_INFO = NO;
				SDKROOT = iphoneos;
				VALIDATE_PRODUCT = YES;
			};
			name = Release;
		};
		F2A438891B4A3AC3004B7735 /* Debug */ = {
			isa = XCBuildConfiguration;
			buildSettings = {
				ASSETCATALOG_COMPILER_APPICON_NAME = AppIcon;
				INFOPLIST_FILE = Example/Info.plist;
				LD_RUNPATH_SEARCH_PATHS = "$(inherited) @executable_path/Frameworks";
				PRODUCT_NAME = "$(TARGET_NAME)";
			};
			name = Debug;
		};
		F2A4388A1B4A3AC3004B7735 /* Release */ = {
			isa = XCBuildConfiguration;
			buildSettings = {
				ASSETCATALOG_COMPILER_APPICON_NAME = AppIcon;
				INFOPLIST_FILE = Example/Info.plist;
				LD_RUNPATH_SEARCH_PATHS = "$(inherited) @executable_path/Frameworks";
				PRODUCT_NAME = "$(TARGET_NAME)";
			};
			name = Release;
		};
		F2A4388C1B4A3AC3004B7735 /* Debug */ = {
			isa = XCBuildConfiguration;
			buildSettings = {
				BUNDLE_LOADER = "$(TEST_HOST)";
				FRAMEWORK_SEARCH_PATHS = (
					"$(SDKROOT)/Developer/Library/Frameworks",
					"$(inherited)",
				);
				GCC_PREPROCESSOR_DEFINITIONS = (
					"DEBUG=1",
					"$(inherited)",
				);
				INFOPLIST_FILE = ExampleTests/Info.plist;
				LD_RUNPATH_SEARCH_PATHS = "$(inherited) @executable_path/Frameworks @loader_path/Frameworks";
				PRODUCT_NAME = "$(TARGET_NAME)";
				TEST_HOST = "$(BUILT_PRODUCTS_DIR)/Example.app/Example";
			};
			name = Debug;
		};
		F2A4388D1B4A3AC3004B7735 /* Release */ = {
			isa = XCBuildConfiguration;
			buildSettings = {
				BUNDLE_LOADER = "$(TEST_HOST)";
				FRAMEWORK_SEARCH_PATHS = (
					"$(SDKROOT)/Developer/Library/Frameworks",
					"$(inherited)",
				);
				INFOPLIST_FILE = ExampleTests/Info.plist;
				LD_RUNPATH_SEARCH_PATHS = "$(inherited) @executable_path/Frameworks @loader_path/Frameworks";
				PRODUCT_NAME = "$(TARGET_NAME)";
				TEST_HOST = "$(BUILT_PRODUCTS_DIR)/Example.app/Example";
			};
			name = Release;
		};
/* End XCBuildConfiguration section */

/* Begin XCConfigurationList section */
		F2A4385D1B4A3AC3004B7735 /* Build configuration list for PBXProject "Example" */ = {
			isa = XCConfigurationList;
			buildConfigurations = (
				F2A438861B4A3AC3004B7735 /* Debug */,
				F2A438871B4A3AC3004B7735 /* Release */,
			);
			defaultConfigurationIsVisible = 0;
			defaultConfigurationName = Release;
		};
		F2A438881B4A3AC3004B7735 /* Build configuration list for PBXNativeTarget "Example" */ = {
			isa = XCConfigurationList;
			buildConfigurations = (
				F2A438891B4A3AC3004B7735 /* Debug */,
				F2A4388A1B4A3AC3004B7735 /* Release */,
			);
			defaultConfigurationIsVisible = 0;
			defaultConfigurationName = Release;
		};
		F2A4388B1B4A3AC3004B7735 /* Build configuration list for PBXNativeTarget "ExampleTests" */ = {
			isa = XCConfigurationList;
			buildConfigurations = (
				F2A4388C1B4A3AC3004B7735 /* Debug */,
				F2A4388D1B4A3AC3004B7735 /* Release */,
			);
			defaultConfigurationIsVisible = 0;
			defaultConfigurationName = Release;
		};
/* End XCConfigurationList section */
	};
	rootObject = F2A4385A1B4A3AC3004B7735 /* Project object */;
}
